// !$*UTF8*$!
{
	archiveVersion = 1;
	classes = {
	};
	objectVersion = 77;
	objects = {

/* Begin PBXBuildFile section */
		1826C9B513E4EF654E665E09 /* Pods_hmudqproUITests.framework in Frameworks */ = {isa = PBXBuildFile; fileRef = 738E39D4A2D71DB474790695 /* Pods_hmudqproUITests.framework */; };
		83C2D7AD303804EA00EFEA5C /* BigInt in Frameworks */ = {isa = PBXBuildFile; productRef = 83AA0002303749CB00EFEA5C /* BigInt */; };
		83C2D8AE303749CC00EFEA5C /* hmudqproWidgets.appex in Embed Foundation Extensions */ = {isa = PBXBuildFile; fileRef = 83C2D8A3303749CC00EFEA5C /* hmudqproWidgets.appex */; settings = {ATTRIBUTES = (RemoveHeadersOnCopy, ); }; };
		8C6CAE8F4F6F5FD7A5F579DC /* Pods_hmudqproTests.framework in Frameworks */ = {isa = PBXBuildFile; fileRef = ABAB06B48BE2730326698E89 /* Pods_hmudqproTests.framework */; };
		C6591E2FFE8E092A074E2B50 /* Pods_hmudqpro.framework in Frameworks */ = {isa = PBXBuildFile; fileRef = BAD8BFAF32DEBA0D1762F958 /* Pods_hmudqpro.framework */; };
/* End PBXBuildFile section */

/* Begin PBXContainerItemProxy section */
		83C2D70B303749CB00EFEA5C /* PBXContainerItemProxy */ = {
			isa = PBXContainerItemProxy;
			containerPortal = 83C2D6ED303749C700EFEA5C /* Project object */;
			proxyType = 1;
			remoteGlobalIDString = 83C2D6F4303749C700EFEA5C;
			remoteInfo = hmudqpro;
		};
		83C2D715303749CB00EFEA5C /* PBXContainerItemProxy */ = {
			isa = PBXContainerItemProxy;
			containerPortal = 83C2D6ED303749C700EFEA5C /* Project object */;
			proxyType = 1;
			remoteGlobalIDString = 83C2D6F4303749C700EFEA5C;
			remoteInfo = hmudqpro;
		};
		83C2D8AB303749CC00EFEA5C /* PBXContainerItemProxy */ = {
			isa = PBXContainerItemProxy;
			containerPortal = 83C2D6ED303749C700EFEA5C /* Project object */;
			proxyType = 1;
			remoteGlobalIDString = 83C2D8A4303749CC00EFEA5C;
			remoteInfo = hmudqproWidgets;
		};
/* End PBXContainerItemProxy section */

/* Begin PBXCopyFilesBuildPhase section */
		83C2D8AD303749CC00EFEA5C /* Embed Foundation Extensions */ = {
			isa = PBXCopyFilesBuildPhase;
			buildActionMask = 2147483647;
			dstPath = "";
			dstSubfolderSpec = 13;
			files = (
				83C2D8AE303749CC00EFEA5C /* hmudqproWidgets.appex in Embed Foundation Extensions */,
			);
			name = "Embed Foundation Extensions";
			runOnlyForDeploymentPostprocessing = 0;
		};
/* End PBXCopyFilesBuildPhase section */

/* Begin PBXFileReference section */
		6D578B270216A6281DC852F3 /* Pods-hmudqproUITests.debug.xcconfig */ = {isa = PBXFileReference; includeInIndex = 1; lastKnownFileType = text.xcconfig; name = "Pods-hmudqproUITests.debug.xcconfig"; path = "Target Support Files/Pods-hmudqproUITests/Pods-hmudqproUITests.debug.xcconfig"; sourceTree = "<group>"; };
		738E39D4A2D71DB474790695 /* Pods_hmudqproUITests.framework */ = {isa = PBXFileReference; explicitFileType = wrapper.framework; includeInIndex = 0; path = Pods_hmudqproUITests.framework; sourceTree = BUILT_PRODUCTS_DIR; };
		7D0EF928F8F716FA9BF90AC1 /* Pods-hmudqproTests.release.xcconfig */ = {isa = PBXFileReference; includeInIndex = 1; lastKnownFileType = text.xcconfig; name = "Pods-hmudqproTests.release.xcconfig"; path = "Target Support Files/Pods-hmudqproTests/Pods-hmudqproTests.release.xcconfig"; sourceTree = "<group>"; };
		83C2D6F5303749C700EFEA5C /* hmudqpro.app */ = {isa = PBXFileReference; explicitFileType = wrapper.application; includeInIndex = 0; path = hmudqpro.app; sourceTree = BUILT_PRODUCTS_DIR; };
		83C2D70A303749CB00EFEA5C /* hmudqproTests.xctest */ = {isa = PBXFileReference; explicitFileType = wrapper.cfbundle; includeInIndex = 0; path = hmudqproTests.xctest; sourceTree = BUILT_PRODUCTS_DIR; };
		83C2D714303749CB00EFEA5C /* hmudqproUITests.xctest */ = {isa = PBXFileReference; explicitFileType = wrapper.cfbundle; includeInIndex = 0; path = hmudqproUITests.xctest; sourceTree = BUILT_PRODUCTS_DIR; };
		83C2D8A3303749CC00EFEA5C /* hmudqproWidgets.appex */ = {isa = PBXFileReference; explicitFileType = "wrapper.app-extension"; includeInIndex = 0; path = hmudqproWidgets.appex; sourceTree = BUILT_PRODUCTS_DIR; };
		8C6167CC164A89455A8CE02A /* Pods-hmudqproUITests.release.xcconfig */ = {isa = PBXFileReference; includeInIndex = 1; lastKnownFileType = text.xcconfig; name = "Pods-hmudqproUITests.release.xcconfig"; path = "Target Support Files/Pods-hmudqproUITests/Pods-hmudqproUITests.release.xcconfig"; sourceTree = "<group>"; };
		A541002AA6599935DA2861CF /* Pods-hmudqpro.release.xcconfig */ = {isa = PBXFileReference; includeInIndex = 1; lastKnownFileType = text.xcconfig; name = "Pods-hmudqpro.release.xcconfig"; path = "Target Support Files/Pods-hmudqpro/Pods-hmudqpro.release.xcconfig"; sourceTree = "<group>"; };
		A91CA3B77DE091DB3FF683F9 /* Pods-hmudqproTests.debug.xcconfig */ = {isa = PBXFileReference; includeInIndex = 1; lastKnownFileType = text.xcconfig; name = "Pods-hmudqproTests.debug.xcconfig"; path = "Target Support Files/Pods-hmudqproTests/Pods-hmudqproTests.debug.xcconfig"; sourceTree = "<group>"; };
		ABAB06B48BE2730326698E89 /* Pods_hmudqproTests.framework */ = {isa = PBXFileReference; explicitFileType = wrapper.framework; includeInIndex = 0; path = Pods_hmudqproTests.framework; sourceTree = BUILT_PRODUCTS_DIR; };
		BAD8BFAF32DEBA0D1762F958 /* Pods_hmudqpro.framework */ = {isa = PBXFileReference; explicitFileType = wrapper.framework; includeInIndex = 0; path = Pods_hmudqpro.framework; sourceTree = BUILT_PRODUCTS_DIR; };
		EE4290EF6842F6D12ECCE4BD /* Pods-hmudqpro.debug.xcconfig */ = {isa = PBXFileReference; includeInIndex = 1; lastKnownFileType = text.xcconfig; name = "Pods-hmudqpro.debug.xcconfig"; path = "Target Support Files/Pods-hmudqpro/Pods-hmudqpro.debug.xcconfig"; sourceTree = "<group>"; };
/* End PBXFileReference section */

/* Begin PBXFileSystemSynchronizedBuildFileExceptionSet section */
		83C2D8A2303749CC00EFEA5C /* Exceptions for "hmudqproWidgets" folder in "hmudqproWidgets" target */ = {
			isa = PBXFileSystemSynchronizedBuildFileExceptionSet;
			membershipExceptions = (
				Info.plist,
			);
			target = 83C2D8A4303749CC00EFEA5C /* hmudqproWidgets */;
		};
/* End PBXFileSystemSynchronizedBuildFileExceptionSet section */

/* Begin PBXFileSystemSynchronizedRootGroup section */
		83C2D6F7303749C700EFEA5C /* hmudqpro */ = {
			isa = PBXFileSystemSynchronizedRootGroup;
			path = hmudqpro;
			sourceTree = "<group>";
		};
		83C2D70D303749CB00EFEA5C /* hmudqproTests */ = {
			isa = PBXFileSystemSynchronizedRootGroup;
			path = hmudqproTests;
			sourceTree = "<group>";
		};
		83C2D717303749CB00EFEA5C /* hmudqproUITests */ = {
			isa = PBXFileSystemSynchronizedRootGroup;
			path = hmudqproUITests;
			sourceTree = "<group>";
		};
		83C2D8A0303749CC00EFEA5C /* Shared */ = {
			isa = PBXFileSystemSynchronizedRootGroup;
			path = Shared;
			sourceTree = "<group>";
		};
		83C2D8A1303749CC00EFEA5C /* hmudqproWidgets */ = {
			isa = PBXFileSystemSynchronizedRootGroup;
			exceptions = (
				83C2D8A2303749CC00EFEA5C /* Exceptions for "hmudqproWidgets" folder in "hmudqproWidgets" target */,
			);
			path = hmudqproWidgets;
			sourceTree = "<group>";
		};
/* End PBXFileSystemSynchronizedRootGroup section */

/* Begin PBXFrameworksBuildPhase section */
		83C2D6F2303749C700EFEA5C /* Frameworks */ = {
			isa = PBXFrameworksBuildPhase;
			buildActionMask = 2147483647;
			files = (
				83C2D7AD303804EA00EFEA5C /* BigInt in Frameworks */,
				C6591E2FFE8E092A074E2B50 /* Pods_hmudqpro.framework in Frameworks */,
			);
			runOnlyForDeploymentPostprocessing = 0;
		};
		83C2D707303749CB00EFEA5C /* Frameworks */ = {
			isa = PBXFrameworksBuildPhase;
			buildActionMask = 2147483647;
			files = (
				8C6CAE8F4F6F5FD7A5F579DC /* Pods_hmudqproTests.framework in Frameworks */,
			);
			runOnlyForDeploymentPostprocessing = 0;
		};
		83C2D711303749CB00EFEA5C /* Frameworks */ = {
			isa = PBXFrameworksBuildPhase;
			buildActionMask = 2147483647;
			files = (
				1826C9B513E4EF654E665E09 /* Pods_hmudqproUITests.framework in Frameworks */,
			);
			runOnlyForDeploymentPostprocessing = 0;
		};
		83C2D8A6303749CC00EFEA5C /* Frameworks */ = {
			isa = PBXFrameworksBuildPhase;
			buildActionMask = 2147483647;
			files = (
			);
			runOnlyForDeploymentPostprocessing = 0;
		};
/* End PBXFrameworksBuildPhase section */

/* Begin PBXGroup section */
		83C2D6EC303749C700EFEA5C = {
			isa = PBXGroup;
			children = (
				83C2D6F7303749C700EFEA5C /* hmudqpro */,
				83C2D8A0303749CC00EFEA5C /* Shared */,
				83C2D8A1303749CC00EFEA5C /* hmudqproWidgets */,
				83C2D70D303749CB00EFEA5C /* hmudqproTests */,
				83C2D717303749CB00EFEA5C /* hmudqproUITests */,
				83C2D6F6303749C700EFEA5C /* Products */,
				CDDF478FC7879A640AFC8303 /* Pods */,
				CB6B50E6471D71695926B66A /* Frameworks */,
			);
			sourceTree = "<group>";
		};
		83C2D6F6303749C700EFEA5C /* Products */ = {
			isa = PBXGroup;
			children = (
				83C2D6F5303749C700EFEA5C /* hmudqpro.app */,
				83C2D8A3303749CC00EFEA5C /* hmudqproWidgets.appex */,
				83C2D70A303749CB00EFEA5C /* hmudqproTests.xctest */,
				83C2D714303749CB00EFEA5C /* hmudqproUITests.xctest */,
			);
			name = Products;
			sourceTree = "<group>";
		};
		CB6B50E6471D71695926B66A /* Frameworks */ = {
			isa = PBXGroup;
			children = (
				BAD8BFAF32DEBA0D1762F958 /* Pods_hmudqpro.framework */,
				ABAB06B48BE2730326698E89 /* Pods_hmudqproTests.framework */,
				738E39D4A2D71DB474790695 /* Pods_hmudqproUITests.framework */,
			);
			name = Frameworks;
			sourceTree = "<group>";
		};
		CDDF478FC7879A640AFC8303 /* Pods */ = {
			isa = PBXGroup;
			children = (
				EE4290EF6842F6D12ECCE4BD /* Pods-hmudqpro.debug.xcconfig */,
				A541002AA6599935DA2861CF /* Pods-hmudqpro.release.xcconfig */,
				A91CA3B77DE091DB3FF683F9 /* Pods-hmudqproTests.debug.xcconfig */,
				7D0EF928F8F716FA9BF90AC1 /* Pods-hmudqproTests.release.xcconfig */,
				6D578B270216A6281DC852F3 /* Pods-hmudqproUITests.debug.xcconfig */,
				8C6167CC164A89455A8CE02A /* Pods-hmudqproUITests.release.xcconfig */,
			);
			path = Pods;
			sourceTree = "<group>";
		};
/* End PBXGroup section */

/* Begin PBXNativeTarget section */
		83C2D6F4303749C700EFEA5C /* hmudqpro */ = {
			isa = PBXNativeTarget;
			buildConfigurationList = 83C2D71E303749CB00EFEA5C /* Build configuration list for PBXNativeTarget "hmudqpro" */;
			buildPhases = (
				76D8CF22561EEE5E28A634C9 /* [CP] Check Pods Manifest.lock */,
				83C2D6F1303749C700EFEA5C /* Sources */,
				83C2D6F2303749C700EFEA5C /* Frameworks */,
				83C2D6F3303749C700EFEA5C /* Resources */,
				83C2D8AD303749CC00EFEA5C /* Embed Foundation Extensions */,
				34B9D3A4ABD97E7EF952B2B4 /* [CP] Embed Pods Frameworks */,
				84122BA81697A294179C5136 /* [CP] Copy Pods Resources */,
			);
			buildRules = (
			);
			dependencies = (
				83C2D8AC303749CC00EFEA5C /* PBXTargetDependency */,
			);
			fileSystemSynchronizedGroups = (
				83C2D6F7303749C700EFEA5C /* hmudqpro */,
				83C2D8A0303749CC00EFEA5C /* Shared */,
			);
			name = hmudqpro;
			packageProductDependencies = (
				83AA0002303749CB00EFEA5C /* BigInt */,
			);
			productName = hmudqpro;
			productReference = 83C2D6F5303749C700EFEA5C /* hmudqpro.app */;
			productType = "com.apple.product-type.application";
		};
		83C2D709303749CB00EFEA5C /* hmudqproTests */ = {
			isa = PBXNativeTarget;
			buildConfigurationList = 83C2D721303749CB00EFEA5C /* Build configuration list for PBXNativeTarget "hmudqproTests" */;
			buildPhases = (
				F8CD75E0C5753BE13553665C /* [CP] Check Pods Manifest.lock */,
				83C2D706303749CB00EFEA5C /* Sources */,
				83C2D707303749CB00EFEA5C /* Frameworks */,
				83C2D708303749CB00EFEA5C /* Resources */,
			);
			buildRules = (
			);
			dependencies = (
				83C2D70C303749CB00EFEA5C /* PBXTargetDependency */,
			);
			fileSystemSynchronizedGroups = (
				83C2D70D303749CB00EFEA5C /* hmudqproTests */,
			);
			name = hmudqproTests;
			productName = hmudqproTests;
			productReference = 83C2D70A303749CB00EFEA5C /* hmudqproTests.xctest */;
			productType = "com.apple.product-type.bundle.unit-test";
		};
		83C2D713303749CB00EFEA5C /* hmudqproUITests */ = {
			isa = PBXNativeTarget;
			buildConfigurationList = 83C2D724303749CB00EFEA5C /* Build configuration list for PBXNativeTarget "hmudqproUITests" */;
			buildPhases = (
				A2D7269BB162E4035699D97B /* [CP] Check Pods Manifest.lock */,
				83C2D710303749CB00EFEA5C /* Sources */,
				83C2D711303749CB00EFEA5C /* Frameworks */,
				83C2D712303749CB00EFEA5C /* Resources */,
			);
			buildRules = (
			);
			dependencies = (
				83C2D716303749CB00EFEA5C /* PBXTargetDependency */,
			);
			fileSystemSynchronizedGroups = (
				83C2D717303749CB00EFEA5C /* hmudqproUITests */,
			);
			name = hmudqproUITests;
			productName = hmudqproUITests;
			productReference = 83C2D714303749CB00EFEA5C /* hmudqproUITests.xctest */;
			productType = "com.apple.product-type.bundle.ui-testing";
		};
		83C2D8A4303749CC00EFEA5C /* hmudqproWidgets */ = {
			isa = PBXNativeTarget;
			buildConfigurationList = 83C2D8A8303749CC00EFEA5C /* Build configuration list for PBXNativeTarget "hmudqproWidgets" */;
			buildPhases = (
				83C2D8A5303749CC00EFEA5C /* Sources */,
				83C2D8A6303749CC00EFEA5C /* Frameworks */,
				83C2D8A7303749CC00EFEA5C /* Resources */,
			);
			buildRules = (
			);
			dependencies = (
			);
			fileSystemSynchronizedGroups = (
				83C2D8A0303749CC00EFEA5C /* Shared */,
				83C2D8A1303749CC00EFEA5C /* hmudqproWidgets */,
			);
			name = hmudqproWidgets;
			productName = hmudqproWidgets;
			productReference = 83C2D8A3303749CC00EFEA5C /* hmudqproWidgets.appex */;
			productType = "com.apple.product-type.app-extension";
		};
/* End PBXNativeTarget section */

/* Begin PBXProject section */
		83C2D6ED303749C700EFEA5C /* Project object */ = {
			isa = PBXProject;
			attributes = {
				BuildIndependentTargetsInParallel = 1;
				LastSwiftUpdateCheck = 1620;
				LastUpgradeCheck = 1620;
				TargetAttributes = {
					83C2D6F4303749C700EFEA5C = {
						CreatedOnToolsVersion = 16.2;
					};
					83C2D709303749CB00EFEA5C = {
						CreatedOnToolsVersion = 16.2;
						TestTargetID = 83C2D6F4303749C700EFEA5C;
					};
					83C2D713303749CB00EFEA5C = {
						CreatedOnToolsVersion = 16.2;
						TestTargetID = 83C2D6F4303749C700EFEA5C;
					};
					83C2D8A4303749CC00EFEA5C = {
						CreatedOnToolsVersion = 16.2;
					};
				};
			};
			buildConfigurationList = 83C2D6F0303749C700EFEA5C /* Build configuration list for PBXProject "hmudqpro" */;
			developmentRegion = en;
			hasScannedForEncodings = 0;
			knownRegions = (
				en,
				Base,
			);
			mainGroup = 83C2D6EC303749C700EFEA5C;
			minimizedProjectReferenceProxies = 1;
			packageReferences = (
				83AA0000303749CB00EFEA5C /* XCRemoteSwiftPackageReference "BigInt" */,
			);
			preferredProjectObjectVersion = 77;
			productRefGroup = 83C2D6F6303749C700EFEA5C /* Products */;
			projectDirPath = "";
			projectRoot = "";
			targets = (
				83C2D6F4303749C700EFEA5C /* hmudqpro */,
				83C2D8A4303749CC00EFEA5C /* hmudqproWidgets */,
				83C2D709303749CB00EFEA5C /* hmudqproTests */,
				83C2D713303749CB00EFEA5C /* hmudqproUITests */,
			);
		};
/* End PBXProject section */

/* Begin PBXResourcesBuildPhase section */
		83C2D6F3303749C700EFEA5C /* Resources */ = {
			isa = PBXResourcesBuildPhase;
			buildActionMask = 2147483647;
			files = (
			);
			runOnlyForDeploymentPostprocessing = 0;
		};
		83C2D708303749CB00EFEA5C /* Resources */ = {
			isa = PBXResourcesBuildPhase;
			buildActionMask = 2147483647;
			files = (
			);
			runOnlyForDeploymentPostprocessing = 0;
		};
		83C2D712303749CB00EFEA5C /* Resources */ = {
			isa = PBXResourcesBuildPhase;
			buildActionMask = 2147483647;
			files = (
			);
			runOnlyForDeploymentPostprocessing = 0;
		};
		83C2D8A7303749CC00EFEA5C /* Resources */ = {
			isa = PBXResourcesBuildPhase;
			buildActionMask = 2147483647;
			files = (
			);
			runOnlyForDeploymentPostprocessing = 0;
		};
/* End PBXResourcesBuildPhase section */

/* Begin PBXShellScriptBuildPhase section */
		34B9D3A4ABD97E7EF952B2B4 /* [CP] Embed Pods Frameworks */ = {
			isa = PBXShellScriptBuildPhase;
			buildActionMask = 2147483647;
			files = (
			);
			inputFileListPaths = (
				"${PODS_ROOT}/Target Support Files/Pods-hmudqpro/Pods-hmudqpro-frameworks-${CONFIGURATION}-input-files.xcfilelist",
			);
			name = "[CP] Embed Pods Frameworks";
			outputFileListPaths = (
				"${PODS_ROOT}/Target Support Files/Pods-hmudqpro/Pods-hmudqpro-frameworks-${CONFIGURATION}-output-files.xcfilelist",
			);
			runOnlyForDeploymentPostprocessing = 0;
			shellPath = /bin/sh;
			shellScript = "\"${PODS_ROOT}/Target Support Files/Pods-hmudqpro/Pods-hmudqpro-frameworks.sh\"\n";
			showEnvVarsInLog = 0;
		};
		76D8CF22561EEE5E28A634C9 /* [CP] Check Pods Manifest.lock */ = {
			isa = PBXShellScriptBuildPhase;
			buildActionMask = 2147483647;
			files = (
			);
			inputFileListPaths = (
			);
			inputPaths = (
				"${PODS_PODFILE_DIR_PATH}/Podfile.lock",
				"${PODS_ROOT}/Manifest.lock",
			);
			name = "[CP] Check Pods Manifest.lock";
			outputFileListPaths = (
			);
			outputPaths = (
				"$(DERIVED_FILE_DIR)/Pods-hmudqpro-checkManifestLockResult.txt",
			);
			runOnlyForDeploymentPostprocessing = 0;
			shellPath = /bin/sh;
			shellScript = "diff \"${PODS_PODFILE_DIR_PATH}/Podfile.lock\" \"${PODS_ROOT}/Manifest.lock\" > /dev/null\nif [ $? != 0 ] ; then\n    # print error to STDERR\n    echo \"error: The sandbox is not in sync with the Podfile.lock. Run 'pod install' or update your CocoaPods installation.\" >&2\n    exit 1\nfi\n# This output is used by Xcode 'outputs' to avoid re-running this script phase.\necho \"SUCCESS\" > \"${SCRIPT_OUTPUT_FILE_0}\"\n";
			showEnvVarsInLog = 0;
		};
		84122BA81697A294179C5136 /* [CP] Copy Pods Resources */ = {
			isa = PBXShellScriptBuildPhase;
			buildActionMask = 2147483647;
			files = (
			);
			inputFileListPaths = (
				"${PODS_ROOT}/Target Support Files/Pods-hmudqpro/Pods-hmudqpro-resources-${CONFIGURATION}-input-files.xcfilelist",
			);
			name = "[CP] Copy Pods Resources";
			outputFileListPaths = (
				"${PODS_ROOT}/Target Support Files/Pods-hmudqpro/Pods-hmudqpro-resources-${CONFIGURATION}-output-files.xcfilelist",
			);
			runOnlyForDeploymentPostprocessing = 0;
			shellPath = /bin/sh;
			shellScript = "\"${PODS_ROOT}/Target Support Files/Pods-hmudqpro/Pods-hmudqpro-resources.sh\"\n";
			showEnvVarsInLog = 0;
		};
		A2D7269BB162E4035699D97B /* [CP] Check Pods Manifest.lock */ = {
			isa = PBXShellScriptBuildPhase;
			buildActionMask = 2147483647;
			files = (
			);
			inputFileListPaths = (
			);
			inputPaths = (
				"${PODS_PODFILE_DIR_PATH}/Podfile.lock",
				"${PODS_ROOT}/Manifest.lock",
			);
			name = "[CP] Check Pods Manifest.lock";
			outputFileListPaths = (
			);
			outputPaths = (
				"$(DERIVED_FILE_DIR)/Pods-hmudqproUITests-checkManifestLockResult.txt",
			);
			runOnlyForDeploymentPostprocessing = 0;
			shellPath = /bin/sh;
			shellScript = "diff \"${PODS_PODFILE_DIR_PATH}/Podfile.lock\" \"${PODS_ROOT}/Manifest.lock\" > /dev/null\nif [ $? != 0 ] ; then\n    # print error to STDERR\n    echo \"error: The sandbox is not in sync with the Podfile.lock. Run 'pod install' or update your CocoaPods installation.\" >&2\n    exit 1\nfi\n# This output is used by Xcode 'outputs' to avoid re-running this script phase.\necho \"SUCCESS\" > \"${SCRIPT_OUTPUT_FILE_0}\"\n";
			showEnvVarsInLog = 0;
		};
		F8CD75E0C5753BE13553665C /* [CP] Check Pods Manifest.lock */ = {
			isa = PBXShellScriptBuildPhase;
			buildActionMask = 2147483647;
			files = (
			);
			inputFileListPaths = (
			);
			inputPaths = (
				"${PODS_PODFILE_DIR_PATH}/Podfile.lock",
				"${PODS_ROOT}/Manifest.lock",
			);
			name = "[CP] Check Pods Manifest.lock";
			outputFileListPaths = (
			);
			outputPaths = (
				"$(DERIVED_FILE_DIR)/Pods-hmudqproTests-checkManifestLockResult.txt",
			);
			runOnlyForDeploymentPostprocessing = 0;
			shellPath = /bin/sh;
			shellScript = "diff \"${PODS_PODFILE_DIR_PATH}/Podfile.lock\" \"${PODS_ROOT}/Manifest.lock\" > /dev/null\nif [ $? != 0 ] ; then\n    # print error to STDERR\n    echo \"error: The sandbox is not in sync with the Podfile.lock. Run 'pod install' or update your CocoaPods installation.\" >&2\n    exit 1\nfi\n# This output is used by Xcode 'outputs' to avoid re-running this script phase.\necho \"SUCCESS\" > \"${SCRIPT_OUTPUT_FILE_0}\"\n";
			showEnvVarsInLog = 0;
		};
/* End PBXShellScriptBuildPhase section */

/* Begin PBXSourcesBuildPhase section */
		83C2D6F1303749C700EFEA5C /* Sources */ = {
			isa = PBXSourcesBuildPhase;
			buildActionMask = 2147483647;
			files = (
			);
			runOnlyForDeploymentPostprocessing = 0;
		};
		83C2D706303749CB00EFEA5C /* Sources */ = {
			isa = PBXSourcesBuildPhase;
			buildActionMask = 2147483647;
			files = (
			);
			runOnlyForDeploymentPostprocessing = 0;
		};
		83C2D710303749CB00EFEA5C /* Sources */ = {
			isa = PBXSourcesBuildPhase;
			buildActionMask = 2147483647;
			files = (
			);
			runOnlyForDeploymentPostprocessing = 0;
		};
		83C2D8A5303749CC00EFEA5C /* Sources */ = {
			isa = PBXSourcesBuildPhase;
			buildActionMask = 2147483647;
			files = (
			);
			runOnlyForDeploymentPostprocessing = 0;
		};
/* End PBXSourcesBuildPhase section */

/* Begin PBXTargetDependency section */
		83C2D70C303749CB00EFEA5C /* PBXTargetDependency */ = {
			isa = PBXTargetDependency;
			target = 83C2D6F4303749C700EFEA5C /* hmudqpro */;
			targetProxy = 83C2D70B303749CB00EFEA5C /* PBXContainerItemProxy */;
		};
		83C2D716303749CB00EFEA5C /* PBXTargetDependency */ = {
			isa = PBXTargetDependency;
			target = 83C2D6F4303749C700EFEA5C /* hmudqpro */;
			targetProxy = 83C2D715303749CB00EFEA5C /* PBXContainerItemProxy */;
		};
		83C2D8AC303749CC00EFEA5C /* PBXTargetDependency */ = {
			isa = PBXTargetDependency;
			target = 83C2D8A4303749CC00EFEA5C /* hmudqproWidgets */;
			targetProxy = 83C2D8AB303749CC00EFEA5C /* PBXContainerItemProxy */;
		};
/* End PBXTargetDependency section */

/* Begin XCBuildConfiguration section */
		83C2D71C303749CB00EFEA5C /* Debug */ = {
			isa = XCBuildConfiguration;
			buildSettings = {
				ALWAYS_SEARCH_USER_PATHS = NO;
				ASSETCATALOG_COMPILER_GENERATE_SWIFT_ASSET_SYMBOL_EXTENSIONS = YES;
				CLANG_ANALYZER_NONNULL = YES;
				CLANG_ANALYZER_NUMBER_OBJECT_CONVERSION = YES_AGGRESSIVE;
				CLANG_CXX_LANGUAGE_STANDARD = "gnu++20";
				CLANG_ENABLE_MODULES = YES;
				CLANG_ENABLE_OBJC_ARC = YES;
				CLANG_ENABLE_OBJC_WEAK = YES;
				CLANG_WARN_BLOCK_CAPTURE_AUTORELEASING = YES;
				CLANG_WARN_BOOL_CONVERSION = YES;
				CLANG_WARN_COMMA = YES;
				CLANG_WARN_CONSTANT_CONVERSION = YES;
				CLANG_WARN_DEPRECATED_OBJC_IMPLEMENTATIONS = YES;
				CLANG_WARN_DIRECT_OBJC_ISA_USAGE = YES_ERROR;
				CLANG_WARN_DOCUMENTATION_COMMENTS = YES;
				CLANG_WARN_EMPTY_BODY = YES;
				CLANG_WARN_ENUM_CONVERSION = YES;
				CLANG_WARN_INFINITE_RECURSION = YES;
				CLANG_WARN_INT_CONVERSION = YES;
				CLANG_WARN_NON_LITERAL_NULL_CONVERSION = YES;
				CLANG_WARN_OBJC_IMPLICIT_RETAIN_SELF = YES;
				CLANG_WARN_OBJC_LITERAL_CONVERSION = YES;
				CLANG_WARN_OBJC_ROOT_CLASS = YES_ERROR;
				CLANG_WARN_QUOTED_INCLUDE_IN_FRAMEWORK_HEADER = YES;
				CLANG_WARN_RANGE_LOOP_ANALYSIS = YES;
				CLANG_WARN_STRICT_PROTOTYPES = YES;
				CLANG_WARN_SUSPICIOUS_MOVE = YES;
				CLANG_WARN_UNGUARDED_AVAILABILITY = YES_AGGRESSIVE;
				CLANG_WARN_UNREACHABLE_CODE = YES;
				CLANG_WARN__DUPLICATE_METHOD_MATCH = YES;
				COPY_PHASE_STRIP = NO;
				DEBUG_INFORMATION_FORMAT = dwarf;
				ENABLE_STRICT_OBJC_MSGSEND = YES;
				ENABLE_TESTABILITY = YES;
				ENABLE_USER_SCRIPT_SANDBOXING = NO;
				GCC_C_LANGUAGE_STANDARD = gnu17;
				GCC_DYNAMIC_NO_PIC = NO;
				GCC_NO_COMMON_BLOCKS = YES;
				GCC_OPTIMIZATION_LEVEL = 0;
				GCC_PREPROCESSOR_DEFINITIONS = (
					"DEBUG=1",
					"$(inherited)",
				);
				GCC_WARN_64_TO_32_BIT_CONVERSION = YES;
				GCC_WARN_ABOUT_RETURN_TYPE = YES_ERROR;
				GCC_WARN_UNDECLARED_SELECTOR = YES;
				GCC_WARN_UNINITIALIZED_AUTOS = YES_AGGRESSIVE;
				GCC_WARN_UNUSED_FUNCTION = YES;
				GCC_WARN_UNUSED_VARIABLE = YES;
				IPHONEOS_DEPLOYMENT_TARGET = 16.0;
				LOCALIZATION_PREFERS_STRING_CATALOGS = YES;
				MTL_ENABLE_DEBUG_INFO = INCLUDE_SOURCE;
				MTL_FAST_MATH = YES;
				ONLY_ACTIVE_ARCH = YES;
				SDKROOT = iphoneos;
				SWIFT_ACTIVE_COMPILATION_CONDITIONS = "DEBUG $(inherited)";
				SWIFT_OPTIMIZATION_LEVEL = "-Onone";
			};
			name = Debug;
		};
		83C2D71D303749CB00EFEA5C /* Release */ = {
			isa = XCBuildConfiguration;
			buildSettings = {
				ALWAYS_SEARCH_USER_PATHS = NO;
				ASSETCATALOG_COMPILER_GENERATE_SWIFT_ASSET_SYMBOL_EXTENSIONS = YES;
				CLANG_ANALYZER_NONNULL = YES;
				CLANG_ANALYZER_NUMBER_OBJECT_CONVERSION = YES_AGGRESSIVE;
				CLANG_CXX_LANGUAGE_STANDARD = "gnu++20";
				CLANG_ENABLE_MODULES = YES;
				CLANG_ENABLE_OBJC_ARC = YES;
				CLANG_ENABLE_OBJC_WEAK = YES;
				CLANG_WARN_BLOCK_CAPTURE_AUTORELEASING = YES;
				CLANG_WARN_BOOL_CONVERSION = YES;
				CLANG_WARN_COMMA = YES;
				CLANG_WARN_CONSTANT_CONVERSION = YES;
				CLANG_WARN_DEPRECATED_OBJC_IMPLEMENTATIONS = YES;
				CLANG_WARN_DIRECT_OBJC_ISA_USAGE = YES_ERROR;
				CLANG_WARN_DOCUMENTATION_COMMENTS = YES;
				CLANG_WARN_EMPTY_BODY = YES;
				CLANG_WARN_ENUM_CONVERSION = YES;
				CLANG_WARN_INFINITE_RECURSION = YES;
				CLANG_WARN_INT_CONVERSION = YES;
				CLANG_WARN_NON_LITERAL_NULL_CONVERSION = YES;
				CLANG_WARN_OBJC_IMPLICIT_RETAIN_SELF = YES;
				CLANG_WARN_OBJC_LITERAL_CONVERSION = YES;
				CLANG_WARN_OBJC_ROOT_CLASS = YES_ERROR;
				CLANG_WARN_QUOTED_INCLUDE_IN_FRAMEWORK_HEADER = YES;
				CLANG_WARN_RANGE_LOOP_ANALYSIS = YES;
				CLANG_WARN_STRICT_PROTOTYPES = YES;
				CLANG_WARN_SUSPICIOUS_MOVE = YES;
				CLANG_WARN_UNGUARDED_AVAILABILITY = YES_AGGRESSIVE;
				CLANG_WARN_UNREACHABLE_CODE = YES;
				CLANG_WARN__DUPLICATE_METHOD_MATCH = YES;
				COPY_PHASE_STRIP = NO;
				DEBUG_INFORMATION_FORMAT = "dwarf-with-dsym";
				ENABLE_NS_ASSERTIONS = NO;
				ENABLE_STRICT_OBJC_MSGSEND = YES;
				ENABLE_USER_SCRIPT_SANDBOXING = NO;
				GCC_C_LANGUAGE_STANDARD = gnu17;
				GCC_NO_COMMON_BLOCKS = YES;
				GCC_WARN_64_TO_32_BIT_CONVERSION = YES;
				GCC_WARN_ABOUT_RETURN_TYPE = YES_ERROR;
				GCC_WARN_UNDECLARED_SELECTOR = YES;
				GCC_WARN_UNINITIALIZED_AUTOS = YES_AGGRESSIVE;
				GCC_WARN_UNUSED_FUNCTION = YES;
				GCC_WARN_UNUSED_VARIABLE = YES;
				IPHONEOS_DEPLOYMENT_TARGET = 16.0;
				LOCALIZATION_PREFERS_STRING_CATALOGS = YES;
				MTL_ENABLE_DEBUG_INFO = NO;
				MTL_FAST_MATH = YES;
				SDKROOT = iphoneos;
				SWIFT_COMPILATION_MODE = wholemodule;
				VALIDATE_PRODUCT = YES;
			};
			name = Release;
		};
		83C2D71F303749CB00EFEA5C /* Debug */ = {
			isa = XCBuildConfiguration;
			baseConfigurationReference = EE4290EF6842F6D12ECCE4BD /* Pods-hmudqpro.debug.xcconfig */;
			buildSettings = {
				ASSETCATALOG_COMPILER_APPICON_NAME = AppIcon;
				ASSETCATALOG_COMPILER_GLOBAL_ACCENT_COLOR_NAME = AccentColor;
				CODE_SIGN_ENTITLEMENTS = hmudqpro/hmudqpro.entitlements;
				CODE_SIGN_STYLE = Automatic;
				CURRENT_PROJECT_VERSION = 12;
				DEVELOPMENT_ASSET_PATHS = "\"hmudqpro/Preview Content\"";
				DEVELOPMENT_TEAM = WNT524TUR2;
				ENABLE_PREVIEWS = YES;
				GENERATE_INFOPLIST_FILE = YES;
				INFOPLIST_KEY_NSCameraUsageDescription = "扫码签到与拍摄上传需要使用摄像头";
				INFOPLIST_FILE = AdSupport-Info.plist;
				SWIFT_OBJC_BRIDGING_HEADER = hmudqpro/hmudqpro-Bridging-Header.h;
				INFOPLIST_KEY_NSMicrophoneUsageDescription = "考核中的音视频录制需要使用麦克风";
				INFOPLIST_KEY_NSPhotoLibraryUsageDescription = "上传作业或照片需要访问相册";
				INFOPLIST_KEY_UIApplicationSceneManifest_Generation = YES;
				INFOPLIST_KEY_UIApplicationSupportsIndirectInputEvents = YES;
				INFOPLIST_KEY_UILaunchScreen_Generation = YES;
				INFOPLIST_KEY_UISupportedInterfaceOrientations_iPad = "UIInterfaceOrientationPortrait UIInterfaceOrientationPortraitUpsideDown UIInterfaceOrientationLandscapeLeft UIInterfaceOrientationLandscapeRight";
				INFOPLIST_KEY_UISupportedInterfaceOrientations_iPhone = "UIInterfaceOrientationPortrait UIInterfaceOrientationLandscapeLeft UIInterfaceOrientationLandscapeRight";
				LD_RUNPATH_SEARCH_PATHS = (
					"$(inherited)",
					"@executable_path/Frameworks",
				);
				MARKETING_VERSION = 2.0.1;
				PRODUCT_BUNDLE_IDENTIFIER = cn.foxhank.hmudqpro;
				PRODUCT_NAME = "$(TARGET_NAME)";
				SWIFT_EMIT_LOC_STRINGS = YES;
				SWIFT_VERSION = 5.0;
				TARGETED_DEVICE_FAMILY = "1,2";
			};
			name = Debug;
		};
		83C2D720303749CB00EFEA5C /* Release */ = {
			isa = XCBuildConfiguration;
			baseConfigurationReference = A541002AA6599935DA2861CF /* Pods-hmudqpro.release.xcconfig */;
			buildSettings = {
				ASSETCATALOG_COMPILER_APPICON_NAME = AppIcon;
				ASSETCATALOG_COMPILER_GLOBAL_ACCENT_COLOR_NAME = AccentColor;
				CODE_SIGN_ENTITLEMENTS = hmudqpro/hmudqpro.entitlements;
				CODE_SIGN_STYLE = Automatic;
				CURRENT_PROJECT_VERSION = 12;
				DEVELOPMENT_ASSET_PATHS = "\"hmudqpro/Preview Content\"";
				DEVELOPMENT_TEAM = WNT524TUR2;
				ENABLE_PREVIEWS = YES;
				GENERATE_INFOPLIST_FILE = YES;
				INFOPLIST_KEY_NSCameraUsageDescription = "扫码签到与拍摄上传需要使用摄像头";
				INFOPLIST_FILE = AdSupport-Info.plist;
				SWIFT_OBJC_BRIDGING_HEADER = hmudqpro/hmudqpro-Bridging-Header.h;
				INFOPLIST_KEY_NSMicrophoneUsageDescription = "考核中的音视频录制需要使用麦克风";
				INFOPLIST_KEY_NSPhotoLibraryUsageDescription = "上传作业或照片需要访问相册";
				INFOPLIST_KEY_UIApplicationSceneManifest_Generation = YES;
				INFOPLIST_KEY_UIApplicationSupportsIndirectInputEvents = YES;
				INFOPLIST_KEY_UILaunchScreen_Generation = YES;
				INFOPLIST_KEY_UISupportedInterfaceOrientations_iPad = "UIInterfaceOrientationPortrait UIInterfaceOrientationPortraitUpsideDown UIInterfaceOrientationLandscapeLeft UIInterfaceOrientationLandscapeRight";
				INFOPLIST_KEY_UISupportedInterfaceOrientations_iPhone = "UIInterfaceOrientationPortrait UIInterfaceOrientationLandscapeLeft UIInterfaceOrientationLandscapeRight";
				LD_RUNPATH_SEARCH_PATHS = (
					"$(inherited)",
					"@executable_path/Frameworks",
				);
				MARKETING_VERSION = 2.0.1;
				PRODUCT_BUNDLE_IDENTIFIER = cn.foxhank.hmudqpro;
				PRODUCT_NAME = "$(TARGET_NAME)";
				SWIFT_EMIT_LOC_STRINGS = YES;
				SWIFT_VERSION = 5.0;
				TARGETED_DEVICE_FAMILY = "1,2";
			};
			name = Release;
		};
		83C2D722303749CB00EFEA5C /* Debug */ = {
			isa = XCBuildConfiguration;
			baseConfigurationReference = A91CA3B77DE091DB3FF683F9 /* Pods-hmudqproTests.debug.xcconfig */;
			buildSettings = {
				BUNDLE_LOADER = "$(TEST_HOST)";
				CODE_SIGN_STYLE = Automatic;
				CURRENT_PROJECT_VERSION = 12;
				DEVELOPMENT_TEAM = WNT524TUR2;
				GENERATE_INFOPLIST_FILE = YES;
				IPHONEOS_DEPLOYMENT_TARGET = 16.0;
				MARKETING_VERSION = 2.0.1;
				PRODUCT_BUNDLE_IDENTIFIER = cn.foxhank.hmudqproTests;
				PRODUCT_NAME = "$(TARGET_NAME)";
				SWIFT_EMIT_LOC_STRINGS = NO;
				SWIFT_VERSION = 5.0;
				TARGETED_DEVICE_FAMILY = "1,2";
				TEST_HOST = "$(BUILT_PRODUCTS_DIR)/hmudqpro.app/$(BUNDLE_EXECUTABLE_FOLDER_PATH)/hmudqpro";
			};
			name = Debug;
		};
		83C2D723303749CB00EFEA5C /* Release */ = {
			isa = XCBuildConfiguration;
			baseConfigurationReference = 7D0EF928F8F716FA9BF90AC1 /* Pods-hmudqproTests.release.xcconfig */;
			buildSettings = {
				BUNDLE_LOADER = "$(TEST_HOST)";
				CODE_SIGN_STYLE = Automatic;
				CURRENT_PROJECT_VERSION = 12;
				DEVELOPMENT_TEAM = WNT524TUR2;
				GENERATE_INFOPLIST_FILE = YES;
				IPHONEOS_DEPLOYMENT_TARGET = 16.0;
				MARKETING_VERSION = 2.0.1;
				PRODUCT_BUNDLE_IDENTIFIER = cn.foxhank.hmudqproTests;
				PRODUCT_NAME = "$(TARGET_NAME)";
				SWIFT_EMIT_LOC_STRINGS = NO;
				SWIFT_VERSION = 5.0;
				TARGETED_DEVICE_FAMILY = "1,2";
				TEST_HOST = "$(BUILT_PRODUCTS_DIR)/hmudqpro.app/$(BUNDLE_EXECUTABLE_FOLDER_PATH)/hmudqpro";
			};
			name = Release;
		};
		83C2D725303749CB00EFEA5C /* Debug */ = {
			isa = XCBuildConfiguration;
			baseConfigurationReference = 6D578B270216A6281DC852F3 /* Pods-hmudqproUITests.debug.xcconfig */;
			buildSettings = {
				CODE_SIGN_STYLE = Automatic;
				CURRENT_PROJECT_VERSION = 12;
				DEVELOPMENT_TEAM = WNT524TUR2;
				GENERATE_INFOPLIST_FILE = YES;
				MARKETING_VERSION = 2.0.1;
				PRODUCT_BUNDLE_IDENTIFIER = cn.foxhank.hmudqproUITests;
				PRODUCT_NAME = "$(TARGET_NAME)";
				SWIFT_EMIT_LOC_STRINGS = NO;
				SWIFT_VERSION = 5.0;
				TARGETED_DEVICE_FAMILY = "1,2";
				TEST_TARGET_NAME = hmudqpro;
			};
			name = Debug;
		};
		83C2D726303749CB00EFEA5C /* Release */ = {
			isa = XCBuildConfiguration;
			baseConfigurationReference = 8C6167CC164A89455A8CE02A /* Pods-hmudqproUITests.release.xcconfig */;
			buildSettings = {
				CODE_SIGN_STYLE = Automatic;
				CURRENT_PROJECT_VERSION = 12;
				DEVELOPMENT_TEAM = WNT524TUR2;
				GENERATE_INFOPLIST_FILE = YES;
				MARKETING_VERSION = 2.0.1;
				PRODUCT_BUNDLE_IDENTIFIER = cn.foxhank.hmudqproUITests;
				PRODUCT_NAME = "$(TARGET_NAME)";
				SWIFT_EMIT_LOC_STRINGS = NO;
				SWIFT_VERSION = 5.0;
				TARGETED_DEVICE_FAMILY = "1,2";
				TEST_TARGET_NAME = hmudqpro;
			};
			name = Release;
		};
		83C2D8AA9303749CC00EFEA5C /* Debug */ = {
			isa = XCBuildConfiguration;
			buildSettings = {
				ASSETCATALOG_COMPILER_GLOBAL_ACCENT_COLOR_NAME = AccentColor;
				CODE_SIGN_ENTITLEMENTS = hmudqproWidgets/hmudqproWidgets.entitlements;
				CODE_SIGN_STYLE = Automatic;
				CURRENT_PROJECT_VERSION = 12;
				DEVELOPMENT_TEAM = WNT524TUR2;
				GENERATE_INFOPLIST_FILE = NO;
				INFOPLIST_FILE = hmudqproWidgets/Info.plist;
				IPHONEOS_DEPLOYMENT_TARGET = 16.0;
				LD_RUNPATH_SEARCH_PATHS = (
					"$(inherited)",
					"@executable_path/Frameworks",
					"@executable_path/../../Frameworks",
				);
				MARKETING_VERSION = 2.0.1;
				PRODUCT_BUNDLE_IDENTIFIER = cn.foxhank.hmudqpro.widgets;
				PRODUCT_NAME = "$(TARGET_NAME)";
				SKIP_INSTALL = YES;
				SWIFT_EMIT_LOC_STRINGS = YES;
				SWIFT_VERSION = 5.0;
				TARGETED_DEVICE_FAMILY = "1,2";
			};
			name = Debug;
		};
		83C2D8AAA303749CC00EFEA5C /* Release */ = {
			isa = XCBuildConfiguration;
			buildSettings = {
				ASSETCATALOG_COMPILER_GLOBAL_ACCENT_COLOR_NAME = AccentColor;
				CODE_SIGN_ENTITLEMENTS = hmudqproWidgets/hmudqproWidgets.entitlements;
				CODE_SIGN_STYLE = Automatic;
				CURRENT_PROJECT_VERSION = 12;
				DEVELOPMENT_TEAM = WNT524TUR2;
				GENERATE_INFOPLIST_FILE = NO;
				INFOPLIST_FILE = hmudqproWidgets/Info.plist;
				IPHONEOS_DEPLOYMENT_TARGET = 16.0;
				LD_RUNPATH_SEARCH_PATHS = (
					"$(inherited)",
					"@executable_path/Frameworks",
					"@executable_path/../../Frameworks",
				);
				MARKETING_VERSION = 2.0.1;
				PRODUCT_BUNDLE_IDENTIFIER = cn.foxhank.hmudqpro.widgets;
				PRODUCT_NAME = "$(TARGET_NAME)";
				SKIP_INSTALL = YES;
				SWIFT_EMIT_LOC_STRINGS = YES;
				SWIFT_VERSION = 5.0;
				TARGETED_DEVICE_FAMILY = "1,2";
			};
			name = Release;
		};
/* End XCBuildConfiguration section */

/* Begin XCConfigurationList section */
		83C2D6F0303749C700EFEA5C /* Build configuration list for PBXProject "hmudqpro" */ = {
			isa = XCConfigurationList;
			buildConfigurations = (
				83C2D71C303749CB00EFEA5C /* Debug */,
				83C2D71D303749CB00EFEA5C /* Release */,
			);
			defaultConfigurationIsVisible = 0;
			defaultConfigurationName = Release;
		};
		83C2D71E303749CB00EFEA5C /* Build configuration list for PBXNativeTarget "hmudqpro" */ = {
			isa = XCConfigurationList;
			buildConfigurations = (
				83C2D71F303749CB00EFEA5C /* Debug */,
				83C2D720303749CB00EFEA5C /* Release */,
			);
			defaultConfigurationIsVisible = 0;
			defaultConfigurationName = Release;
		};
		83C2D721303749CB00EFEA5C /* Build configuration list for PBXNativeTarget "hmudqproTests" */ = {
			isa = XCConfigurationList;
			buildConfigurations = (
				83C2D722303749CB00EFEA5C /* Debug */,
				83C2D723303749CB00EFEA5C /* Release */,
			);
			defaultConfigurationIsVisible = 0;
			defaultConfigurationName = Release;
		};
		83C2D724303749CB00EFEA5C /* Build configuration list for PBXNativeTarget "hmudqproUITests" */ = {
			isa = XCConfigurationList;
			buildConfigurations = (
				83C2D725303749CB00EFEA5C /* Debug */,
				83C2D726303749CB00EFEA5C /* Release */,
			);
			defaultConfigurationIsVisible = 0;
			defaultConfigurationName = Release;
		};
		83C2D8A8303749CC00EFEA5C /* Build configuration list for PBXNativeTarget "hmudqproWidgets" */ = {
			isa = XCConfigurationList;
			buildConfigurations = (
				83C2D8AA9303749CC00EFEA5C /* Debug */,
				83C2D8AAA303749CC00EFEA5C /* Release */,
			);
			defaultConfigurationIsVisible = 0;
			defaultConfigurationName = Release;
		};
/* End XCConfigurationList section */

/* Begin XCRemoteSwiftPackageReference section */
		83AA0000303749CB00EFEA5C /* XCRemoteSwiftPackageReference "BigInt" */ = {
			isa = XCRemoteSwiftPackageReference;
			repositoryURL = "https://github.com/attaswift/BigInt.git";
			requirement = {
				kind = upToNextMajorVersion;
				minimumVersion = 5.3.0;
			};
		};
/* End XCRemoteSwiftPackageReference section */

/* Begin XCSwiftPackageProductDependency section */
		83AA0002303749CB00EFEA5C /* BigInt */ = {
			isa = XCSwiftPackageProductDependency;
			package = 83AA0000303749CB00EFEA5C /* XCRemoteSwiftPackageReference "BigInt" */;
			productName = BigInt;
		};
/* End XCSwiftPackageProductDependency section */
	};
	rootObject = 83C2D6ED303749C700EFEA5C /* Project object */;
}
